
Microsoft Visual Studio Solution File, Format Version 12.00
# Visual Studio Version 16
VisualStudioVersion = 16.0.30503.244
MinimumVisualStudioVersion = 10.0.40219.1
Project("{FAE04EC0-301F-11D3-BF4B-00C04F79EFBC}") = "TheTreacheryOfWhales", "TheTreacheryOfWhales\TheTreacheryOfWhales.csproj", "{B24EF063-5100-4041-886B-7F53D965A4BD}"
EndProject
Project("{FAE04EC0-301F-11D3-BF4B-00C04F79EFBC}") = "TheTeracheryOfWhalesTest", "TheTeracheryOfWhalesTest\TheTeracheryOfWhalesTest.csproj", "{9DBB1A35-F697-430E-BDC0-BCF89A69F7B4}"
	ProjectSection(ProjectDependencies) = postProject
		{B24EF063-5100-4041-886B-7F53D965A4BD} = {B24EF063-5100-4041-886B-7F53D965A4BD}
	EndProjectSection
EndProject
Global
	GlobalSection(SolutionConfigurationPlatforms) = preSolution
		Debug|Any CPU = Debug|Any CPU
		Release|Any CPU = Release|Any CPU
	EndGlobalSection
	GlobalSection(ProjectConfigurationPlatforms) = postSolution
		{B24EF063-5100-4041-886B-7F53D965A4BD}.Debug|Any CPU.ActiveCfg = Debug|Any CPU
		{B24EF063-5100-4041-886B-7F53D965A4BD}.Debug|Any CPU.Build.0 = Debug|Any CPU
		{B24EF063-5100-4041-886B-7F53D965A4BD}.Release|Any CPU.ActiveCfg = Release|Any CPU
		{B24EF063-5100-4041-886B-7F53D965A4BD}.Release|Any CPU.Build.0 = Release|Any CPU
		{9DBB1A35-F697-430E-BDC0-BCF89A69F7B4}.Debug|Any CPU.ActiveCfg = Debug|Any CPU
		{9DBB1A35-F697-430E-BDC0-BCF89A69F7B4}.Debug|Any CPU.Build.0 = Debug|Any CPU
		{9DBB1A35-F697-430E-BDC0-BCF89A69F7B4}.Release|Any CPU.ActiveCfg = Release|Any CPU
		{9DBB1A35-F697-430E-BDC0-BCF89A69F7B4}.Release|Any CPU.Build.0 = Release|Any CPU
	EndGlobalSection
	GlobalSection(SolutionProperties) = preSolution
		HideSolutionNode = FALSE
	EndGlobalSection
	GlobalSection(ExtensibilityGlobals) = postSolution
		SolutionGuid = {A66EB7DE-6091-4FB5-B417-F17E61DC5A89}
	EndGlobalSection
EndGlobal
